{
  "object": {
    "pins": [
      {
        "package": "DynamicColor",
        "repositoryURL": "https://github.com/yannickl/DynamicColor",
        "state": {
          "branch": null,
          "revision": "d9beca13ca85baa50ee29832d0db5129fba69630",
          "version": "5.0.1"
        }
      },
      {
        "package": "FineJSON",
        "repositoryURL": "https://github.com/omochi/FineJSON",
        "state": {
          "branch": null,
          "revision": "05101709243cb66d80c92e645210a3b80cf4e17f",
          "version": "1.14.0"
        }
      },
      {
        "package": "Onigmo",
        "repositoryURL": "https://github.com/maoyama/Onigmo-swift-build",
        "state": {
          "branch": null,
          "revision": "d0dd20ecbad3aa0de7083c3e522ef722ed738b8a",
          "version": "1.2.0"
        }
      },
      {
        "package": "RichJSONParser",
        "repositoryURL": "https://github.com/omochi/RichJSONParser.git",
        "state": {
          "branch": null,
          "revision": "263e2ecfe88d0500fa99e4cbc8c948529d335534",
          "version": "3.0.0"
        }
      },
      {
        "package": "TMSyntax",
        "repositoryURL": "https://github.com/maoyama/TMSyntax",
        "state": {
          "branch": null,
          "revision": "47fa35533c126d0b068004d5b67277c1ffcfb903",
          "version": "0.1.0"
        }
      }
    ]
  },
  "version": 1
}
