// !$*UTF8*$!
{
	archiveVersion = 1;
	classes = {
	};
	objectVersion = 52;
	objects = {

/* Begin PBXBuildFile section */
		612994E3251D09F900CEE132 /* swift.tmLanguage.json in Resources */ = {isa = PBXBuildFile; fileRef = 612994E2251D09F900CEE132 /* swift.tmLanguage.json */; };
		6145B620251CE12100D4F465 /* ExamplesApp.swift in Sources */ = {isa = PBXBuildFile; fileRef = 6145B61F251CE12100D4F465 /* ExamplesApp.swift */; };
		6145B622251CE12100D4F465 /* ContentView.swift in Sources */ = {isa = PBXBuildFile; fileRef = 6145B621251CE12100D4F465 /* ContentView.swift */; };
		6145B624251CE12500D4F465 /* Assets.xcassets in Resources */ = {isa = PBXBuildFile; fileRef = 6145B623251CE12500D4F465 /* Assets.xcassets */; };
		6145B627251CE12500D4F465 /* Preview Assets.xcassets in Resources */ = {isa = PBXBuildFile; fileRef = 6145B626251CE12500D4F465 /* Preview Assets.xcassets */; };
		6145B64F251CE31F00D4F465 /* SyntaxHighlight in Frameworks */ = {isa = PBXBuildFile; productRef = 6145B64E251CE31F00D4F465 /* SyntaxHighlight */; };
		61B22E5D251CFADB00312951 /* JavaScript.tmLanguage.json in Resources */ = {isa = PBXBuildFile; fileRef = 61B306D4251CEC1800AB5CDA /* JavaScript.tmLanguage.json */; };
		61B22E61251CFAE100312951 /* Tomorrow.tmTheme in Resources */ = {isa = PBXBuildFile; fileRef = 61B306FC251CEF7F00AB5CDA /* Tomorrow.tmTheme */; };
/* End PBXBuildFile section */

/* Begin PBXFileReference section */
		612994E2251D09F900CEE132 /* swift.tmLanguage.json */ = {isa = PBXFileReference; fileEncoding = 4; lastKnownFileType = text.json; name = swift.tmLanguage.json; path = ../../../Tests/SyntaxHighlightTests/Dependencies/swift/syntaxes/swift.tmLanguage.json; sourceTree = "<group>"; };
		6145B61C251CE12100D4F465 /* Examples.app */ = {isa = PBXFileReference; explicitFileType = wrapper.application; includeInIndex = 0; path = Examples.app; sourceTree = BUILT_PRODUCTS_DIR; };
		6145B61F251CE12100D4F465 /* ExamplesApp.swift */ = {isa = PBXFileReference; lastKnownFileType = sourcecode.swift; path = ExamplesApp.swift; sourceTree = "<group>"; };
		6145B621251CE12100D4F465 /* ContentView.swift */ = {isa = PBXFileReference; lastKnownFileType = sourcecode.swift; path = ContentView.swift; sourceTree = "<group>"; };
		6145B623251CE12500D4F465 /* Assets.xcassets */ = {isa = PBXFileReference; lastKnownFileType = folder.assetcatalog; path = Assets.xcassets; sourceTree = "<group>"; };
		6145B626251CE12500D4F465 /* Preview Assets.xcassets */ = {isa = PBXFileReference; lastKnownFileType = folder.assetcatalog; path = "Preview Assets.xcassets"; sourceTree = "<group>"; };
		6145B628251CE12500D4F465 /* Info.plist */ = {isa = PBXFileReference; lastKnownFileType = text.plist.xml; path = Info.plist; sourceTree = "<group>"; };
		61B306D4251CEC1800AB5CDA /* JavaScript.tmLanguage.json */ = {isa = PBXFileReference; fileEncoding = 4; lastKnownFileType = text.json; path = JavaScript.tmLanguage.json; sourceTree = "<group>"; };
		61B306D5251CEC1800AB5CDA /* Readme.md */ = {isa = PBXFileReference; fileEncoding = 4; lastKnownFileType = net.daringfireball.markdown; path = Readme.md; sourceTree = "<group>"; };
		61B306F0251CEF1700AB5CDA /* LICENSE.txt */ = {isa = PBXFileReference; fileEncoding = 4; lastKnownFileType = text; path = LICENSE.txt; sourceTree = "<group>"; };
		61B306FC251CEF7F00AB5CDA /* Tomorrow.tmTheme */ = {isa = PBXFileReference; fileEncoding = 4; lastKnownFileType = text.xml; path = Tomorrow.tmTheme; sourceTree = "<group>"; };
		61B30706251CEFB600AB5CDA /* LICENSE.md */ = {isa = PBXFileReference; fileEncoding = 4; lastKnownFileType = net.daringfireball.markdown; path = LICENSE.md; sourceTree = "<group>"; };
/* End PBXFileReference section */

/* Begin PBXFrameworksBuildPhase section */
		6145B619251CE12100D4F465 /* Frameworks */ = {
			isa = PBXFrameworksBuildPhase;
			buildActionMask = 2147483647;
			files = (
				6145B64F251CE31F00D4F465 /* SyntaxHighlight in Frameworks */,
			);
			runOnlyForDeploymentPostprocessing = 0;
		};
/* End PBXFrameworksBuildPhase section */

/* Begin PBXGroup section */
		6145B613251CE12100D4F465 = {
			isa = PBXGroup;
			children = (
				6145B61E251CE12100D4F465 /* Examples */,
				6145B61D251CE12100D4F465 /* Products */,
			);
			sourceTree = "<group>";
		};
		6145B61D251CE12100D4F465 /* Products */ = {
			isa = PBXGroup;
			children = (
				6145B61C251CE12100D4F465 /* Examples.app */,
			);
			name = Products;
			sourceTree = "<group>";
		};
		6145B61E251CE12100D4F465 /* Examples */ = {
			isa = PBXGroup;
			children = (
				6145B61F251CE12100D4F465 /* ExamplesApp.swift */,
				6145B621251CE12100D4F465 /* ContentView.swift */,
				61B306F7251CEF7F00AB5CDA /* Themes */,
				61B306D3251CEC1800AB5CDA /* Syntaxes */,
				6145B623251CE12500D4F465 /* Assets.xcassets */,
				6145B628251CE12500D4F465 /* Info.plist */,
				6145B625251CE12500D4F465 /* Preview Content */,
			);
			path = Examples;
			sourceTree = "<group>";
		};
		6145B625251CE12500D4F465 /* Preview Content */ = {
			isa = PBXGroup;
			children = (
				6145B626251CE12500D4F465 /* Preview Assets.xcassets */,
			);
			path = "Preview Content";
			sourceTree = "<group>";
		};
		61B306D3251CEC1800AB5CDA /* Syntaxes */ = {
			isa = PBXGroup;
			children = (
				61B306F0251CEF1700AB5CDA /* LICENSE.txt */,
				61B306D4251CEC1800AB5CDA /* JavaScript.tmLanguage.json */,
				612994E2251D09F900CEE132 /* swift.tmLanguage.json */,
				61B306D5251CEC1800AB5CDA /* Readme.md */,
			);
			path = Syntaxes;
			sourceTree = "<group>";
		};
		61B306F7251CEF7F00AB5CDA /* Themes */ = {
			isa = PBXGroup;
			children = (
				61B30706251CEFB600AB5CDA /* LICENSE.md */,
				61B306FC251CEF7F00AB5CDA /* Tomorrow.tmTheme */,
			);
			path = Themes;
			sourceTree = "<group>";
		};
/* End PBXGroup section */

/* Begin PBXNativeTarget section */
		6145B61B251CE12100D4F465 /* Examples */ = {
			isa = PBXNativeTarget;
			buildConfigurationList = 6145B641251CE12500D4F465 /* Build configuration list for PBXNativeTarget "Examples" */;
			buildPhases = (
				6145B618251CE12100D4F465 /* Sources */,
				6145B619251CE12100D4F465 /* Frameworks */,
				6145B61A251CE12100D4F465 /* Resources */,
			);
			buildRules = (
			);
			dependencies = (
			);
			name = Examples;
			packageProductDependencies = (
				6145B64E251CE31F00D4F465 /* SyntaxHighlight */,
			);
			productName = Examples;
			productReference = 6145B61C251CE12100D4F465 /* Examples.app */;
			productType = "com.apple.product-type.application";
		};
/* End PBXNativeTarget section */

/* Begin PBXProject section */
		6145B614251CE12100D4F465 /* Project object */ = {
			isa = PBXProject;
			attributes = {
				LastSwiftUpdateCheck = 1200;
				LastUpgradeCheck = 1200;
				TargetAttributes = {
					6145B61B251CE12100D4F465 = {
						CreatedOnToolsVersion = 12.0;
					};
				};
			};
			buildConfigurationList = 6145B617251CE12100D4F465 /* Build configuration list for PBXProject "Examples" */;
			compatibilityVersion = "Xcode 9.3";
			developmentRegion = en;
			hasScannedForEncodings = 0;
			knownRegions = (
				en,
				Base,
			);
			mainGroup = 6145B613251CE12100D4F465;
			packageReferences = (
				6145B64D251CE31F00D4F465 /* XCRemoteSwiftPackageReference "SyntaxHighlight" */,
			);
			productRefGroup = 6145B61D251CE12100D4F465 /* Products */;
			projectDirPath = "";
			projectRoot = "";
			targets = (
				6145B61B251CE12100D4F465 /* Examples */,
			);
		};
/* End PBXProject section */

/* Begin PBXResourcesBuildPhase section */
		6145B61A251CE12100D4F465 /* Resources */ = {
			isa = PBXResourcesBuildPhase;
			buildActionMask = 2147483647;
			files = (
				6145B627251CE12500D4F465 /* Preview Assets.xcassets in Resources */,
				61B22E61251CFAE100312951 /* Tomorrow.tmTheme in Resources */,
				6145B624251CE12500D4F465 /* Assets.xcassets in Resources */,
				61B22E5D251CFADB00312951 /* JavaScript.tmLanguage.json in Resources */,
				612994E3251D09F900CEE132 /* swift.tmLanguage.json in Resources */,
			);
			runOnlyForDeploymentPostprocessing = 0;
		};
/* End PBXResourcesBuildPhase section */

/* Begin PBXSourcesBuildPhase section */
		6145B618251CE12100D4F465 /* Sources */ = {
			isa = PBXSourcesBuildPhase;
			buildActionMask = 2147483647;
			files = (
				6145B622251CE12100D4F465 /* ContentView.swift in Sources */,
				6145B620251CE12100D4F465 /* ExamplesApp.swift in Sources */,
			);
			runOnlyForDeploymentPostprocessing = 0;
		};
/* End PBXSourcesBuildPhase section */

/* Begin XCBuildConfiguration section */
		6145B63F251CE12500D4F465 /* Debug */ = {
			isa = XCBuildConfiguration;
			buildSettings = {
				ALWAYS_SEARCH_USER_PATHS = NO;
				CLANG_ANALYZER_NONNULL = YES;
				CLANG_ANALYZER_NUMBER_OBJECT_CONVERSION = YES_AGGRESSIVE;
				CLANG_CXX_LANGUAGE_STANDARD = "gnu++14";
				CLANG_CXX_LIBRARY = "libc++";
				CLANG_ENABLE_MODULES = YES;
				CLANG_ENABLE_OBJC_ARC = YES;
				CLANG_ENABLE_OBJC_WEAK = YES;
				CLANG_WARN_BLOCK_CAPTURE_AUTORELEASING = YES;
				CLANG_WARN_BOOL_CONVERSION = YES;
				CLANG_WARN_COMMA = YES;
				CLANG_WARN_CONSTANT_CONVERSION = YES;
				CLANG_WARN_DEPRECATED_OBJC_IMPLEMENTATIONS = YES;
				CLANG_WARN_DIRECT_OBJC_ISA_USAGE = YES_ERROR;
				CLANG_WARN_DOCUMENTATION_COMMENTS = YES;
				CLANG_WARN_EMPTY_BODY = YES;
				CLANG_WARN_ENUM_CONVERSION = YES;
				CLANG_WARN_INFINITE_RECURSION = YES;
				CLANG_WARN_INT_CONVERSION = YES;
				CLANG_WARN_NON_LITERAL_NULL_CONVERSION = YES;
				CLANG_WARN_OBJC_IMPLICIT_RETAIN_SELF = YES;
				CLANG_WARN_OBJC_LITERAL_CONVERSION = YES;
				CLANG_WARN_OBJC_ROOT_CLASS = YES_ERROR;
				CLANG_WARN_QUOTED_INCLUDE_IN_FRAMEWORK_HEADER = YES;
				CLANG_WARN_RANGE_LOOP_ANALYSIS = YES;
				CLANG_WARN_STRICT_PROTOTYPES = YES;
				CLANG_WARN_SUSPICIOUS_MOVE = YES;
				CLANG_WARN_UNGUARDED_AVAILABILITY = YES_AGGRESSIVE;
				CLANG_WARN_UNREACHABLE_CODE = YES;
				CLANG_WARN__DUPLICATE_METHOD_MATCH = YES;
				COPY_PHASE_STRIP = NO;
				DEBUG_INFORMATION_FORMAT = dwarf;
				ENABLE_STRICT_OBJC_MSGSEND = YES;
				ENABLE_TESTABILITY = YES;
				GCC_C_LANGUAGE_STANDARD = gnu11;
				GCC_DYNAMIC_NO_PIC = NO;
				GCC_NO_COMMON_BLOCKS = YES;
				GCC_OPTIMIZATION_LEVEL = 0;
				GCC_PREPROCESSOR_DEFINITIONS = (
					"DEBUG=1",
					"$(inherited)",
				);
				GCC_WARN_64_TO_32_BIT_CONVERSION = YES;
				GCC_WARN_ABOUT_RETURN_TYPE = YES_ERROR;
				GCC_WARN_UNDECLARED_SELECTOR = YES;
				GCC_WARN_UNINITIALIZED_AUTOS = YES_AGGRESSIVE;
				GCC_WARN_UNUSED_FUNCTION = YES;
				GCC_WARN_UNUSED_VARIABLE = YES;
				IPHONEOS_DEPLOYMENT_TARGET = 13.0;
				MTL_ENABLE_DEBUG_INFO = INCLUDE_SOURCE;
				MTL_FAST_MATH = YES;
				ONLY_ACTIVE_ARCH = YES;
				SDKROOT = iphoneos;
				SWIFT_ACTIVE_COMPILATION_CONDITIONS = DEBUG;
				SWIFT_OPTIMIZATION_LEVEL = "-Onone";
			};
			name = Debug;
		};
		6145B640251CE12500D4F465 /* Release */ = {
			isa = XCBuildConfiguration;
			buildSettings = {
				ALWAYS_SEARCH_USER_PATHS = NO;
				CLANG_ANALYZER_NONNULL = YES;
				CLANG_ANALYZER_NUMBER_OBJECT_CONVERSION = YES_AGGRESSIVE;
				CLANG_CXX_LANGUAGE_STANDARD = "gnu++14";
				CLANG_CXX_LIBRARY = "libc++";
				CLANG_ENABLE_MODULES = YES;
				CLANG_ENABLE_OBJC_ARC = YES;
				CLANG_ENABLE_OBJC_WEAK = YES;
				CLANG_WARN_BLOCK_CAPTURE_AUTORELEASING = YES;
				CLANG_WARN_BOOL_CONVERSION = YES;
				CLANG_WARN_COMMA = YES;
				CLANG_WARN_CONSTANT_CONVERSION = YES;
				CLANG_WARN_DEPRECATED_OBJC_IMPLEMENTATIONS = YES;
				CLANG_WARN_DIRECT_OBJC_ISA_USAGE = YES_ERROR;
				CLANG_WARN_DOCUMENTATION_COMMENTS = YES;
				CLANG_WARN_EMPTY_BODY = YES;
				CLANG_WARN_ENUM_CONVERSION = YES;
				CLANG_WARN_INFINITE_RECURSION = YES;
				CLANG_WARN_INT_CONVERSION = YES;
				CLANG_WARN_NON_LITERAL_NULL_CONVERSION = YES;
				CLANG_WARN_OBJC_IMPLICIT_RETAIN_SELF = YES;
				CLANG_WARN_OBJC_LITERAL_CONVERSION = YES;
				CLANG_WARN_OBJC_ROOT_CLASS = YES_ERROR;
				CLANG_WARN_QUOTED_INCLUDE_IN_FRAMEWORK_HEADER = YES;
				CLANG_WARN_RANGE_LOOP_ANALYSIS = YES;
				CLANG_WARN_STRICT_PROTOTYPES = YES;
				CLANG_WARN_SUSPICIOUS_MOVE = YES;
				CLANG_WARN_UNGUARDED_AVAILABILITY = YES_AGGRESSIVE;
				CLANG_WARN_UNREACHABLE_CODE = YES;
				CLANG_WARN__DUPLICATE_METHOD_MATCH = YES;
				COPY_PHASE_STRIP = NO;
				DEBUG_INFORMATION_FORMAT = "dwarf-with-dsym";
				ENABLE_NS_ASSERTIONS = NO;
				ENABLE_STRICT_OBJC_MSGSEND = YES;
				GCC_C_LANGUAGE_STANDARD = gnu11;
				GCC_NO_COMMON_BLOCKS = YES;
				GCC_WARN_64_TO_32_BIT_CONVERSION = YES;
				GCC_WARN_ABOUT_RETURN_TYPE = YES_ERROR;
				GCC_WARN_UNDECLARED_SELECTOR = YES;
				GCC_WARN_UNINITIALIZED_AUTOS = YES_AGGRESSIVE;
				GCC_WARN_UNUSED_FUNCTION = YES;
				GCC_WARN_UNUSED_VARIABLE = YES;
				IPHONEOS_DEPLOYMENT_TARGET = 13.0;
				MTL_ENABLE_DEBUG_INFO = NO;
				MTL_FAST_MATH = YES;
				SDKROOT = iphoneos;
				SWIFT_COMPILATION_MODE = wholemodule;
				SWIFT_OPTIMIZATION_LEVEL = "-O";
				VALIDATE_PRODUCT = YES;
			};
			name = Release;
		};
		6145B642251CE12500D4F465 /* Debug */ = {
			isa = XCBuildConfiguration;
			buildSettings = {
				ASSETCATALOG_COMPILER_APPICON_NAME = AppIcon;
				ASSETCATALOG_COMPILER_GLOBAL_ACCENT_COLOR_NAME = AccentColor;
				CODE_SIGN_STYLE = Automatic;
				DEVELOPMENT_ASSET_PATHS = "\"Examples/Preview Content\"";
				DEVELOPMENT_TEAM = "";
				ENABLE_PREVIEWS = YES;
				INFOPLIST_FILE = Examples/Info.plist;
				IPHONEOS_DEPLOYMENT_TARGET = 14.0;
				LD_RUNPATH_SEARCH_PATHS = (
					"$(inherited)",
					"@executable_path/Frameworks",
				);
				PRODUCT_BUNDLE_IDENTIFIER = dev.aoyama.Examples;
				PRODUCT_NAME = "$(TARGET_NAME)";
				SWIFT_VERSION = 5.0;
				TARGETED_DEVICE_FAMILY = "1,2";
			};
			name = Debug;
		};
		6145B643251CE12500D4F465 /* Release */ = {
			isa = XCBuildConfiguration;
			buildSettings = {
				ASSETCATALOG_COMPILER_APPICON_NAME = AppIcon;
				ASSETCATALOG_COMPILER_GLOBAL_ACCENT_COLOR_NAME = AccentColor;
				CODE_SIGN_STYLE = Automatic;
				DEVELOPMENT_ASSET_PATHS = "\"Examples/Preview Content\"";
				DEVELOPMENT_TEAM = "";
				ENABLE_PREVIEWS = YES;
				INFOPLIST_FILE = Examples/Info.plist;
				IPHONEOS_DEPLOYMENT_TARGET = 14.0;
				LD_RUNPATH_SEARCH_PATHS = (
					"$(inherited)",
					"@executable_path/Frameworks",
				);
				PRODUCT_BUNDLE_IDENTIFIER = dev.aoyama.Examples;
				PRODUCT_NAME = "$(TARGET_NAME)";
				SWIFT_VERSION = 5.0;
				TARGETED_DEVICE_FAMILY = "1,2";
			};
			name = Release;
		};
/* End XCBuildConfiguration section */

/* Begin XCConfigurationList section */
		6145B617251CE12100D4F465 /* Build configuration list for PBXProject "Examples" */ = {
			isa = XCConfigurationList;
			buildConfigurations = (
				6145B63F251CE12500D4F465 /* Debug */,
				6145B640251CE12500D4F465 /* Release */,
			);
			defaultConfigurationIsVisible = 0;
			defaultConfigurationName = Release;
		};
		6145B641251CE12500D4F465 /* Build configuration list for PBXNativeTarget "Examples" */ = {
			isa = XCConfigurationList;
			buildConfigurations = (
				6145B642251CE12500D4F465 /* Debug */,
				6145B643251CE12500D4F465 /* Release */,
			);
			defaultConfigurationIsVisible = 0;
			defaultConfigurationName = Release;
		};
/* End XCConfigurationList section */

/* Begin XCRemoteSwiftPackageReference section */
		6145B64D251CE31F00D4F465 /* XCRemoteSwiftPackageReference "SyntaxHighlight" */ = {
			isa = XCRemoteSwiftPackageReference;
			repositoryURL = "https://github.com/maoyama/SyntaxHighlight";
			requirement = {
				branch = main;
				kind = branch;
			};
		};
/* End XCRemoteSwiftPackageReference section */

/* Begin XCSwiftPackageProductDependency section */
		6145B64E251CE31F00D4F465 /* SyntaxHighlight */ = {
			isa = XCSwiftPackageProductDependency;
			package = 6145B64D251CE31F00D4F465 /* XCRemoteSwiftPackageReference "SyntaxHighlight" */;
			productName = SyntaxHighlight;
		};
/* End XCSwiftPackageProductDependency section */
	};
	rootObject = 6145B614251CE12100D4F465 /* Project object */;
}
